// !$*UTF8*$!
{
	archiveVersion = 1;
	classes = {
	};
	objectVersion = 56;
	objects = {

/* Begin PBXBuildFile section */
		4E019E0B2C5E11F00082B732 /* SkeletonView in Frameworks */ = {isa = PBXBuildFile; productRef = 4E019E0A2C5E11F00082B732 /* SkeletonView */; };
		4E019E0F2C5EFC480082B732 /* Fonts.swift in Sources */ = {isa = PBXBuildFile; fileRef = 4E019E0E2C5EFC480082B732 /* Fonts.swift */; };
		4E019E322C65D3410082B732 /* RxCocoa in Frameworks */ = {isa = PBXBuildFile; productRef = 4E019E312C65D3410082B732 /* RxCocoa */; };
		4E019E342C65D3410082B732 /* RxSwift in Frameworks */ = {isa = PBXBuildFile; productRef = 4E019E332C65D3410082B732 /* RxSwift */; };
		4E019E362C65D6E10082B732 /* Images.swift in Sources */ = {isa = PBXBuildFile; fileRef = 4E019E352C65D6E10082B732 /* Images.swift */; };
		4E019E382C65DE440082B732 /* WordCollectionViewCell.swift in Sources */ = {isa = PBXBuildFile; fileRef = 4E019E372C65DE440082B732 /* WordCollectionViewCell.swift */; };
		4E019E3A2C65E8920082B732 /* SearchViewModel.swift in Sources */ = {isa = PBXBuildFile; fileRef = 4E019E392C65E8920082B732 /* SearchViewModel.swift */; };
		4E019E422C6654430082B732 /* UserDefaultsManager.swift in Sources */ = {isa = PBXBuildFile; fileRef = 4E019E412C6654430082B732 /* UserDefaultsManager.swift */; };
		4E019E452C672F680082B732 /* UpcomingView.swift in Sources */ = {isa = PBXBuildFile; fileRef = 4E019E442C672F680082B732 /* UpcomingView.swift */; };
		4E019E472C672F710082B732 /* UpcomingViewController.swift in Sources */ = {isa = PBXBuildFile; fileRef = 4E019E462C672F710082B732 /* UpcomingViewController.swift */; };
		4E019E492C672F780082B732 /* UpcomingViewModel.swift in Sources */ = {isa = PBXBuildFile; fileRef = 4E019E482C672F780082B732 /* UpcomingViewModel.swift */; };
		4E019E4C2C673B370082B732 /* UpcomingCollectionViewCell.swift in Sources */ = {isa = PBXBuildFile; fileRef = 4E019E4B2C673B370082B732 /* UpcomingCollectionViewCell.swift */; };
		4E019E4E2C673F560082B732 /* GenreCollectionViewCell.swift in Sources */ = {isa = PBXBuildFile; fileRef = 4E019E4D2C673F560082B732 /* GenreCollectionViewCell.swift */; };
		4E019E512C675C6C0082B732 /* VisualEffectView in Frameworks */ = {isa = PBXBuildFile; productRef = 4E019E502C675C6C0082B732 /* VisualEffectView */; };
		4E019E532C6798E90082B732 /* Optional + Extension.swift in Sources */ = {isa = PBXBuildFile; fileRef = 4E019E522C6798E90082B732 /* Optional + Extension.swift */; };
		4E7D09EC2C296FE9000A9FF2 /* BaseView.swift in Sources */ = {isa = PBXBuildFile; fileRef = 4E7D09EB2C296FE9000A9FF2 /* BaseView.swift */; };
		4E7D09EE2C29712E000A9FF2 /* SearchView.swift in Sources */ = {isa = PBXBuildFile; fileRef = 4E7D09ED2C29712E000A9FF2 /* SearchView.swift */; };
		4E7D09F02C2972C0000A9FF2 /* BaseViewController.swift in Sources */ = {isa = PBXBuildFile; fileRef = 4E7D09EF2C2972C0000A9FF2 /* BaseViewController.swift */; };
		4E7D09F22C29917E000A9FF2 /* SearchDetailViewController.swift in Sources */ = {isa = PBXBuildFile; fileRef = 4E7D09F12C29917E000A9FF2 /* SearchDetailViewController.swift */; };
		4E7D09F42C299595000A9FF2 /* SearchDetailView.swift in Sources */ = {isa = PBXBuildFile; fileRef = 4E7D09F32C299595000A9FF2 /* SearchDetailView.swift */; };
		4E7D0A192C312A18000A9FF2 /* SearchDetailTableViewCell.swift in Sources */ = {isa = PBXBuildFile; fileRef = 4E7D0A182C312A18000A9FF2 /* SearchDetailTableViewCell.swift */; };
		4E7D0A1B2C315678000A9FF2 /* BaseTableViewCell.swift in Sources */ = {isa = PBXBuildFile; fileRef = 4E7D0A1A2C315678000A9FF2 /* BaseTableViewCell.swift */; };
		4E7D0A362C32DDEB000A9FF2 /* NetworkRouter.swift in Sources */ = {isa = PBXBuildFile; fileRef = 4E7D0A352C32DDEB000A9FF2 /* NetworkRouter.swift */; };
		4E8657782C0F1F4400FF4D6D /* AppDelegate.swift in Sources */ = {isa = PBXBuildFile; fileRef = 4E8657772C0F1F4400FF4D6D /* AppDelegate.swift */; };
		4E86577A2C0F1F4400FF4D6D /* SceneDelegate.swift in Sources */ = {isa = PBXBuildFile; fileRef = 4E8657792C0F1F4400FF4D6D /* SceneDelegate.swift */; };
		4E86577C2C0F1F4400FF4D6D /* SignUpViewController.swift in Sources */ = {isa = PBXBuildFile; fileRef = 4E86577B2C0F1F4400FF4D6D /* SignUpViewController.swift */; };
		4E8657812C0F1F4600FF4D6D /* Assets.xcassets in Resources */ = {isa = PBXBuildFile; fileRef = 4E8657802C0F1F4600FF4D6D /* Assets.xcassets */; };
		4E86578F2C0F250600FF4D6D /* TrashViewController.swift in Sources */ = {isa = PBXBuildFile; fileRef = 4E86578E2C0F250600FF4D6D /* TrashViewController.swift */; };
		4E8657D12C10763900FF4D6D /* .gitignore in Resources */ = {isa = PBXBuildFile; fileRef = 4E8657D02C10763900FF4D6D /* .gitignore */; };
		4E8657D42C1076C900FF4D6D /* APIKey.swift in Sources */ = {isa = PBXBuildFile; fileRef = 4E8657D32C1076C900FF4D6D /* APIKey.swift */; };
		4E8657D82C11BEF200FF4D6D /* MovieRankViewController.swift in Sources */ = {isa = PBXBuildFile; fileRef = 4E8657D72C11BEF200FF4D6D /* MovieRankViewController.swift */; };
		4E8657DA2C11C4A200FF4D6D /* MovieRankTableViewCell.swift in Sources */ = {isa = PBXBuildFile; fileRef = 4E8657D92C11C4A200FF4D6D /* MovieRankTableViewCell.swift */; };
		4E8657DF2C11C63900FF4D6D /* UITableViewCell + Extension.swift in Sources */ = {isa = PBXBuildFile; fileRef = 4E8657DE2C11C63900FF4D6D /* UITableViewCell + Extension.swift */; };
		4E8657E12C12B89D00FF4D6D /* Kobis.swift in Sources */ = {isa = PBXBuildFile; fileRef = 4E8657E02C12B89D00FF4D6D /* Kobis.swift */; };
		4E8658272C16DA4000FF4D6D /* TrendViewController.swift in Sources */ = {isa = PBXBuildFile; fileRef = 4E8658262C16DA4000FF4D6D /* TrendViewController.swift */; };
		4E8658292C16DB4F00FF4D6D /* TrendTableViewCell.swift in Sources */ = {isa = PBXBuildFile; fileRef = 4E8658282C16DB4F00FF4D6D /* TrendTableViewCell.swift */; };
		4E86582B2C16F4B400FF4D6D /* Trend.swift in Sources */ = {isa = PBXBuildFile; fileRef = 4E86582A2C16F4B400FF4D6D /* Trend.swift */; };
		4E86582D2C16FAB900FF4D6D /* TrendDetailViewController.swift in Sources */ = {isa = PBXBuildFile; fileRef = 4E86582C2C16FAB900FF4D6D /* TrendDetailViewController.swift */; };
		4E8658332C17004C00FF4D6D /* CastTableViewCell.swift in Sources */ = {isa = PBXBuildFile; fileRef = 4E8658322C17004C00FF4D6D /* CastTableViewCell.swift */; };
		4E8658352C1710C600FF4D6D /* OverViewTableViewCell.swift in Sources */ = {isa = PBXBuildFile; fileRef = 4E8658342C1710C600FF4D6D /* OverViewTableViewCell.swift */; };
		4E9330552C1837BC00D1E91C /* SearchCollectionViewCell.swift in Sources */ = {isa = PBXBuildFile; fileRef = 4E9330542C1837BC00D1E91C /* SearchCollectionViewCell.swift */; };
		4E9330572C1837C700D1E91C /* SearchViewController.swift in Sources */ = {isa = PBXBuildFile; fileRef = 4E9330562C1837C700D1E91C /* SearchViewController.swift */; };
		4E93305F2C1848FA00D1E91C /* UITextField + Extension.swift in Sources */ = {isa = PBXBuildFile; fileRef = 4E93305E2C1848FA00D1E91C /* UITextField + Extension.swift */; };
		4E9330612C184F2800D1E91C /* Search.swift in Sources */ = {isa = PBXBuildFile; fileRef = 4E9330602C184F2800D1E91C /* Search.swift */; };
		4EAE781D2C68E6D3005DB65C /* PreviewCollectionViewCell.swift in Sources */ = {isa = PBXBuildFile; fileRef = 4EAE781C2C68E6D3005DB65C /* PreviewCollectionViewCell.swift */; };
		4EAE78202C690F3B005DB65C /* ScrollingPageControl in Frameworks */ = {isa = PBXBuildFile; productRef = 4EAE781F2C690F3B005DB65C /* ScrollingPageControl */; };
		4EAE78232C69149E005DB65C /* ViewModelType.swift in Sources */ = {isa = PBXBuildFile; fileRef = 4EAE78222C69149E005DB65C /* ViewModelType.swift */; };
		4EAE782B2C6AE672005DB65C /* PosterCollectionViewCell.swift in Sources */ = {isa = PBXBuildFile; fileRef = 4EAE782A2C6AE672005DB65C /* PosterCollectionViewCell.swift */; };
		4ECA9E672C46CE4100B3C6EC /* Person.swift in Sources */ = {isa = PBXBuildFile; fileRef = 4ECA9E662C46CE4100B3C6EC /* Person.swift */; };
		4ECA9E692C46CE7600B3C6EC /* Movie.swift in Sources */ = {isa = PBXBuildFile; fileRef = 4ECA9E682C46CE7600B3C6EC /* Movie.swift */; };
		4ECA9E6B2C46CF3800B3C6EC /* TV.swift in Sources */ = {isa = PBXBuildFile; fileRef = 4ECA9E6A2C46CF3800B3C6EC /* TV.swift */; };
		4ECA9E6D2C46D0E500B3C6EC /* BaseType.swift in Sources */ = {isa = PBXBuildFile; fileRef = 4ECA9E6C2C46D0E500B3C6EC /* BaseType.swift */; };
		4ED9C4FD2C40FD8E0090320E /* CustomTabBarController.swift in Sources */ = {isa = PBXBuildFile; fileRef = 4ED9C4FC2C40FD8E0090320E /* CustomTabBarController.swift */; };
		4ED9C5062C426D800090320E /* HomeView.swift in Sources */ = {isa = PBXBuildFile; fileRef = 4ED9C5052C426D800090320E /* HomeView.swift */; };
		4ED9C5082C426D880090320E /* HomeViewModel.swift in Sources */ = {isa = PBXBuildFile; fileRef = 4ED9C5072C426D880090320E /* HomeViewModel.swift */; };
		4ED9C50A2C426D940090320E /* HomeViewController.swift in Sources */ = {isa = PBXBuildFile; fileRef = 4ED9C5092C426D940090320E /* HomeViewController.swift */; };
		4ED9C50C2C426E3E0090320E /* NSObjectProtocol + Extenstion.swift in Sources */ = {isa = PBXBuildFile; fileRef = 4ED9C50B2C426E3E0090320E /* NSObjectProtocol + Extenstion.swift */; };
		4ED9C5112C426FD90090320E /* Then in Frameworks */ = {isa = PBXBuildFile; productRef = 4ED9C5102C426FD90090320E /* Then */; };
		4ED9C5142C4270080090320E /* RealmSwift in Frameworks */ = {isa = PBXBuildFile; productRef = 4ED9C5132C4270080090320E /* RealmSwift */; };
		4ED9C5172C4270180090320E /* Alamofire in Frameworks */ = {isa = PBXBuildFile; productRef = 4ED9C5162C4270180090320E /* Alamofire */; };
		4ED9C51A2C4270250090320E /* SnapKit in Frameworks */ = {isa = PBXBuildFile; productRef = 4ED9C5192C4270250090320E /* SnapKit */; };
		4ED9C51D2C4270CF0090320E /* Kingfisher in Frameworks */ = {isa = PBXBuildFile; productRef = 4ED9C51C2C4270CF0090320E /* Kingfisher */; };
		4ED9C5202C4270F90090320E /* Toast in Frameworks */ = {isa = PBXBuildFile; productRef = 4ED9C51F2C4270F90090320E /* Toast */; };
		4ED9C5232C4271220090320E /* YoutubePlayer-in-WKWebView in Frameworks */ = {isa = PBXBuildFile; productRef = 4ED9C5222C4271220090320E /* YoutubePlayer-in-WKWebView */; };
		4ED9C5252C42752A0090320E /* BaseCollectionViewCell.swift in Sources */ = {isa = PBXBuildFile; fileRef = 4ED9C5242C42752A0090320E /* BaseCollectionViewCell.swift */; };
		4ED9C5272C42754C0090320E /* RankCollectionViewCell.swift in Sources */ = {isa = PBXBuildFile; fileRef = 4ED9C5262C42754C0090320E /* RankCollectionViewCell.swift */; };
		4ED9C5292C42ACFC0090320E /* BaseViewModel.swift in Sources */ = {isa = PBXBuildFile; fileRef = 4ED9C5282C42ACFC0090320E /* BaseViewModel.swift */; };
		4ED9C52C2C42AFA10090320E /* SaveView.swift in Sources */ = {isa = PBXBuildFile; fileRef = 4ED9C52B2C42AFA10090320E /* SaveView.swift */; };
		4ED9C52E2C42AFAE0090320E /* SaveViewController.swift in Sources */ = {isa = PBXBuildFile; fileRef = 4ED9C52D2C42AFAE0090320E /* SaveViewController.swift */; };
		4ED9C5302C42AFB80090320E /* SaveViewModel.swift in Sources */ = {isa = PBXBuildFile; fileRef = 4ED9C52F2C42AFB80090320E /* SaveViewModel.swift */; };
		4ED9C5332C42B1E80090320E /* Colors.swift in Sources */ = {isa = PBXBuildFile; fileRef = 4ED9C5322C42B1E80090320E /* Colors.swift */; };
		4ED9C5362C42B67D0090320E /* MovieCollectionViewCell.swift in Sources */ = {isa = PBXBuildFile; fileRef = 4ED9C5352C42B67D0090320E /* MovieCollectionViewCell.swift */; };
		4ED9C5392C438B650090320E /* StretchPro.otf in Resources */ = {isa = PBXBuildFile; fileRef = 4ED9C5382C438B650090320E /* StretchPro.otf */; };
		4ED9C53B2C4397360090320E /* BlackHanSans.ttf in Resources */ = {isa = PBXBuildFile; fileRef = 4ED9C53A2C4397360090320E /* BlackHanSans.ttf */; };
		4ED9C53E2C439BD10090320E /* MovieInfoView.swift in Sources */ = {isa = PBXBuildFile; fileRef = 4ED9C53D2C439BD10090320E /* MovieInfoView.swift */; };
		4ED9C5402C439BDD0090320E /* MovieInfoViewController.swift in Sources */ = {isa = PBXBuildFile; fileRef = 4ED9C53F2C439BDD0090320E /* MovieInfoViewController.swift */; };
		4ED9C5422C439BE50090320E /* MovieInfoViewModel.swift in Sources */ = {isa = PBXBuildFile; fileRef = 4ED9C5412C439BE50090320E /* MovieInfoViewModel.swift */; };
		4ED9C5442C439ECC0090320E /* Names.swift in Sources */ = {isa = PBXBuildFile; fileRef = 4ED9C5432C439ECC0090320E /* Names.swift */; };
		4ED9C5462C43A9990090320E /* UIViewController + Extension.swift in Sources */ = {isa = PBXBuildFile; fileRef = 4ED9C5452C43A9990090320E /* UIViewController + Extension.swift */; };
		4ED9C5482C43B1310090320E /* UINavigationController + Extension.swift in Sources */ = {isa = PBXBuildFile; fileRef = 4ED9C5472C43B1310090320E /* UINavigationController + Extension.swift */; };
		4ED9C54B2C43E5660090320E /* UILabel + Extension.swift in Sources */ = {isa = PBXBuildFile; fileRef = 4ED9C54A2C43E5660090320E /* UILabel + Extension.swift */; };
		4ED9C5512C43FA7E0090320E /* NetworkManager.swift in Sources */ = {isa = PBXBuildFile; fileRef = 4ED9C5502C43FA7E0090320E /* NetworkManager.swift */; };
		4ED9C5562C4431570090320E /* CustomObservable.swift in Sources */ = {isa = PBXBuildFile; fileRef = 4ED9C5552C4431570090320E /* CustomObservable.swift */; };
		4ED9C5592C44B21D0090320E /* MoviePreviewView.swift in Sources */ = {isa = PBXBuildFile; fileRef = 4ED9C5582C44B21D0090320E /* MoviePreviewView.swift */; };
		4ED9C55B2C44B22C0090320E /* MoviePreviewViewController.swift in Sources */ = {isa = PBXBuildFile; fileRef = 4ED9C55A2C44B22C0090320E /* MoviePreviewViewController.swift */; };
		4ED9C55D2C44B2370090320E /* MoviePreviewViewModel.swift in Sources */ = {isa = PBXBuildFile; fileRef = 4ED9C55C2C44B2370090320E /* MoviePreviewViewModel.swift */; };
		4ED9C55F2C44B8EC0090320E /* FullScreenImageCollectionViewCell.swift in Sources */ = {isa = PBXBuildFile; fileRef = 4ED9C55E2C44B8EC0090320E /* FullScreenImageCollectionViewCell.swift */; };
		4ED9C5642C4556CC0090320E /* Poster.swift in Sources */ = {isa = PBXBuildFile; fileRef = 4ED9C5632C4556CC0090320E /* Poster.swift */; };
		4ED9C5662C4557210090320E /* Video.swift in Sources */ = {isa = PBXBuildFile; fileRef = 4ED9C5652C4557210090320E /* Video.swift */; };
		4ED9C5682C45575B0090320E /* Credits.swift in Sources */ = {isa = PBXBuildFile; fileRef = 4ED9C5672C45575B0090320E /* Credits.swift */; };
		4ED9C5692C4560800090320E /* RealmSwift in Embed Frameworks */ = {isa = PBXBuildFile; productRef = 4ED9C5132C4270080090320E /* RealmSwift */; settings = {ATTRIBUTES = (CodeSignOnCopy, ); }; };
/* End PBXBuildFile section */

/* Begin PBXCopyFilesBuildPhase section */
		4ED9C56A2C4560800090320E /* Embed Frameworks */ = {
			isa = PBXCopyFilesBuildPhase;
			buildActionMask = 2147483647;
			dstPath = "";
			dstSubfolderSpec = 10;
			files = (
				4ED9C5692C4560800090320E /* RealmSwift in Embed Frameworks */,
			);
			name = "Embed Frameworks";
			runOnlyForDeploymentPostprocessing = 0;
		};
/* End PBXCopyFilesBuildPhase section */

/* Begin PBXFileReference section */
		4E019E0E2C5EFC480082B732 /* Fonts.swift */ = {isa = PBXFileReference; lastKnownFileType = sourcecode.swift; path = Fonts.swift; sourceTree = "<group>"; };
		4E019E352C65D6E10082B732 /* Images.swift */ = {isa = PBXFileReference; lastKnownFileType = sourcecode.swift; path = Images.swift; sourceTree = "<group>"; };
		4E019E372C65DE440082B732 /* WordCollectionViewCell.swift */ = {isa = PBXFileReference; lastKnownFileType = sourcecode.swift; path = WordCollectionViewCell.swift; sourceTree = "<group>"; };
		4E019E392C65E8920082B732 /* SearchViewModel.swift */ = {isa = PBXFileReference; lastKnownFileType = sourcecode.swift; path = SearchViewModel.swift; sourceTree = "<group>"; };
		4E019E412C6654430082B732 /* UserDefaultsManager.swift */ = {isa = PBXFileReference; lastKnownFileType = sourcecode.swift; path = UserDefaultsManager.swift; sourceTree = "<group>"; };
		4E019E442C672F680082B732 /* UpcomingView.swift */ = {isa = PBXFileReference; lastKnownFileType = sourcecode.swift; path = UpcomingView.swift; sourceTree = "<group>"; };
		4E019E462C672F710082B732 /* UpcomingViewController.swift */ = {isa = PBXFileReference; lastKnownFileType = sourcecode.swift; path = UpcomingViewController.swift; sourceTree = "<group>"; };
		4E019E482C672F780082B732 /* UpcomingViewModel.swift */ = {isa = PBXFileReference; lastKnownFileType = sourcecode.swift; path = UpcomingViewModel.swift; sourceTree = "<group>"; };
		4E019E4B2C673B370082B732 /* UpcomingCollectionViewCell.swift */ = {isa = PBXFileReference; lastKnownFileType = sourcecode.swift; path = UpcomingCollectionViewCell.swift; sourceTree = "<group>"; };
		4E019E4D2C673F560082B732 /* GenreCollectionViewCell.swift */ = {isa = PBXFileReference; lastKnownFileType = sourcecode.swift; path = GenreCollectionViewCell.swift; sourceTree = "<group>"; };
		4E019E522C6798E90082B732 /* Optional + Extension.swift */ = {isa = PBXFileReference; lastKnownFileType = sourcecode.swift; path = "Optional + Extension.swift"; sourceTree = "<group>"; };
		4E7D09EB2C296FE9000A9FF2 /* BaseView.swift */ = {isa = PBXFileReference; lastKnownFileType = sourcecode.swift; path = BaseView.swift; sourceTree = "<group>"; };
		4E7D09ED2C29712E000A9FF2 /* SearchView.swift */ = {isa = PBXFileReference; lastKnownFileType = sourcecode.swift; path = SearchView.swift; sourceTree = "<group>"; };
		4E7D09EF2C2972C0000A9FF2 /* BaseViewController.swift */ = {isa = PBXFileReference; lastKnownFileType = sourcecode.swift; path = BaseViewController.swift; sourceTree = "<group>"; };
		4E7D09F12C29917E000A9FF2 /* SearchDetailViewController.swift */ = {isa = PBXFileReference; lastKnownFileType = sourcecode.swift; path = SearchDetailViewController.swift; sourceTree = "<group>"; };
		4E7D09F32C299595000A9FF2 /* SearchDetailView.swift */ = {isa = PBXFileReference; lastKnownFileType = sourcecode.swift; path = SearchDetailView.swift; sourceTree = "<group>"; };
		4E7D0A182C312A18000A9FF2 /* SearchDetailTableViewCell.swift */ = {isa = PBXFileReference; lastKnownFileType = sourcecode.swift; path = SearchDetailTableViewCell.swift; sourceTree = "<group>"; };
		4E7D0A1A2C315678000A9FF2 /* BaseTableViewCell.swift */ = {isa = PBXFileReference; lastKnownFileType = sourcecode.swift; path = BaseTableViewCell.swift; sourceTree = "<group>"; };
		4E7D0A352C32DDEB000A9FF2 /* NetworkRouter.swift */ = {isa = PBXFileReference; lastKnownFileType = sourcecode.swift; path = NetworkRouter.swift; sourceTree = "<group>"; };
		4E8657742C0F1F4400FF4D6D /* MoviePack.app */ = {isa = PBXFileReference; explicitFileType = wrapper.application; includeInIndex = 0; path = MoviePack.app; sourceTree = BUILT_PRODUCTS_DIR; };
		4E8657772C0F1F4400FF4D6D /* AppDelegate.swift */ = {isa = PBXFileReference; lastKnownFileType = sourcecode.swift; path = AppDelegate.swift; sourceTree = "<group>"; };
		4E8657792C0F1F4400FF4D6D /* SceneDelegate.swift */ = {isa = PBXFileReference; lastKnownFileType = sourcecode.swift; path = SceneDelegate.swift; sourceTree = "<group>"; };
		4E86577B2C0F1F4400FF4D6D /* SignUpViewController.swift */ = {isa = PBXFileReference; lastKnownFileType = sourcecode.swift; path = SignUpViewController.swift; sourceTree = "<group>"; };
		4E8657802C0F1F4600FF4D6D /* Assets.xcassets */ = {isa = PBXFileReference; lastKnownFileType = folder.assetcatalog; path = Assets.xcassets; sourceTree = "<group>"; };
		4E8657832C0F1F4600FF4D6D /* Base */ = {isa = PBXFileReference; lastKnownFileType = file.storyboard; name = Base; path = Base.lproj/LaunchScreen.storyboard; sourceTree = "<group>"; };
		4E8657852C0F1F4600FF4D6D /* Info.plist */ = {isa = PBXFileReference; lastKnownFileType = text.plist.xml; path = Info.plist; sourceTree = "<group>"; };
		4E86578E2C0F250600FF4D6D /* TrashViewController.swift */ = {isa = PBXFileReference; lastKnownFileType = sourcecode.swift; path = TrashViewController.swift; sourceTree = "<group>"; };
		4E8657D02C10763900FF4D6D /* .gitignore */ = {isa = PBXFileReference; lastKnownFileType = text; path = .gitignore; sourceTree = "<group>"; };
		4E8657D32C1076C900FF4D6D /* APIKey.swift */ = {isa = PBXFileReference; lastKnownFileType = sourcecode.swift; path = APIKey.swift; sourceTree = "<group>"; };
		4E8657D72C11BEF200FF4D6D /* MovieRankViewController.swift */ = {isa = PBXFileReference; lastKnownFileType = sourcecode.swift; path = MovieRankViewController.swift; sourceTree = "<group>"; };
		4E8657D92C11C4A200FF4D6D /* MovieRankTableViewCell.swift */ = {isa = PBXFileReference; lastKnownFileType = sourcecode.swift; path = MovieRankTableViewCell.swift; sourceTree = "<group>"; };
		4E8657DE2C11C63900FF4D6D /* UITableViewCell + Extension.swift */ = {isa = PBXFileReference; lastKnownFileType = sourcecode.swift; path = "UITableViewCell + Extension.swift"; sourceTree = "<group>"; };
		4E8657E02C12B89D00FF4D6D /* Kobis.swift */ = {isa = PBXFileReference; lastKnownFileType = sourcecode.swift; path = Kobis.swift; sourceTree = "<group>"; };
		4E8658262C16DA4000FF4D6D /* TrendViewController.swift */ = {isa = PBXFileReference; lastKnownFileType = sourcecode.swift; path = TrendViewController.swift; sourceTree = "<group>"; };
		4E8658282C16DB4F00FF4D6D /* TrendTableViewCell.swift */ = {isa = PBXFileReference; lastKnownFileType = sourcecode.swift; path = TrendTableViewCell.swift; sourceTree = "<group>"; };
		4E86582A2C16F4B400FF4D6D /* Trend.swift */ = {isa = PBXFileReference; lastKnownFileType = sourcecode.swift; path = Trend.swift; sourceTree = "<group>"; };
		4E86582C2C16FAB900FF4D6D /* TrendDetailViewController.swift */ = {isa = PBXFileReference; lastKnownFileType = sourcecode.swift; path = TrendDetailViewController.swift; sourceTree = "<group>"; };
		4E8658322C17004C00FF4D6D /* CastTableViewCell.swift */ = {isa = PBXFileReference; lastKnownFileType = sourcecode.swift; path = CastTableViewCell.swift; sourceTree = "<group>"; };
		4E8658342C1710C600FF4D6D /* OverViewTableViewCell.swift */ = {isa = PBXFileReference; lastKnownFileType = sourcecode.swift; path = OverViewTableViewCell.swift; sourceTree = "<group>"; };
		4E9330542C1837BC00D1E91C /* SearchCollectionViewCell.swift */ = {isa = PBXFileReference; lastKnownFileType = sourcecode.swift; path = SearchCollectionViewCell.swift; sourceTree = "<group>"; };
		4E9330562C1837C700D1E91C /* SearchViewController.swift */ = {isa = PBXFileReference; lastKnownFileType = sourcecode.swift; path = SearchViewController.swift; sourceTree = "<group>"; };
		4E93305E2C1848FA00D1E91C /* UITextField + Extension.swift */ = {isa = PBXFileReference; lastKnownFileType = sourcecode.swift; path = "UITextField + Extension.swift"; sourceTree = "<group>"; };
		4E9330602C184F2800D1E91C /* Search.swift */ = {isa = PBXFileReference; lastKnownFileType = sourcecode.swift; path = Search.swift; sourceTree = "<group>"; };
		4EAE781C2C68E6D3005DB65C /* PreviewCollectionViewCell.swift */ = {isa = PBXFileReference; lastKnownFileType = sourcecode.swift; path = PreviewCollectionViewCell.swift; sourceTree = "<group>"; };
		4EAE78222C69149E005DB65C /* ViewModelType.swift */ = {isa = PBXFileReference; lastKnownFileType = sourcecode.swift; path = ViewModelType.swift; sourceTree = "<group>"; };
		4EAE782A2C6AE672005DB65C /* PosterCollectionViewCell.swift */ = {isa = PBXFileReference; lastKnownFileType = sourcecode.swift; path = PosterCollectionViewCell.swift; sourceTree = "<group>"; };
		4ECA9E662C46CE4100B3C6EC /* Person.swift */ = {isa = PBXFileReference; lastKnownFileType = sourcecode.swift; path = Person.swift; sourceTree = "<group>"; };
		4ECA9E682C46CE7600B3C6EC /* Movie.swift */ = {isa = PBXFileReference; lastKnownFileType = sourcecode.swift; path = Movie.swift; sourceTree = "<group>"; };
		4ECA9E6A2C46CF3800B3C6EC /* TV.swift */ = {isa = PBXFileReference; lastKnownFileType = sourcecode.swift; path = TV.swift; sourceTree = "<group>"; };
		4ECA9E6C2C46D0E500B3C6EC /* BaseType.swift */ = {isa = PBXFileReference; lastKnownFileType = sourcecode.swift; path = BaseType.swift; sourceTree = "<group>"; };
		4ED9C4FC2C40FD8E0090320E /* CustomTabBarController.swift */ = {isa = PBXFileReference; lastKnownFileType = sourcecode.swift; path = CustomTabBarController.swift; sourceTree = "<group>"; };
		4ED9C5052C426D800090320E /* HomeView.swift */ = {isa = PBXFileReference; lastKnownFileType = sourcecode.swift; path = HomeView.swift; sourceTree = "<group>"; };
		4ED9C5072C426D880090320E /* HomeViewModel.swift */ = {isa = PBXFileReference; lastKnownFileType = sourcecode.swift; path = HomeViewModel.swift; sourceTree = "<group>"; };
		4ED9C5092C426D940090320E /* HomeViewController.swift */ = {isa = PBXFileReference; lastKnownFileType = sourcecode.swift; path = HomeViewController.swift; sourceTree = "<group>"; };
		4ED9C50B2C426E3E0090320E /* NSObjectProtocol + Extenstion.swift */ = {isa = PBXFileReference; lastKnownFileType = sourcecode.swift; path = "NSObjectProtocol + Extenstion.swift"; sourceTree = "<group>"; };
		4ED9C5242C42752A0090320E /* BaseCollectionViewCell.swift */ = {isa = PBXFileReference; lastKnownFileType = sourcecode.swift; path = BaseCollectionViewCell.swift; sourceTree = "<group>"; };
		4ED9C5262C42754C0090320E /* RankCollectionViewCell.swift */ = {isa = PBXFileReference; lastKnownFileType = sourcecode.swift; path = RankCollectionViewCell.swift; sourceTree = "<group>"; };
		4ED9C5282C42ACFC0090320E /* BaseViewModel.swift */ = {isa = PBXFileReference; lastKnownFileType = sourcecode.swift; path = BaseViewModel.swift; sourceTree = "<group>"; };
		4ED9C52B2C42AFA10090320E /* SaveView.swift */ = {isa = PBXFileReference; lastKnownFileType = sourcecode.swift; path = SaveView.swift; sourceTree = "<group>"; };
		4ED9C52D2C42AFAE0090320E /* SaveViewController.swift */ = {isa = PBXFileReference; lastKnownFileType = sourcecode.swift; path = SaveViewController.swift; sourceTree = "<group>"; };
		4ED9C52F2C42AFB80090320E /* SaveViewModel.swift */ = {isa = PBXFileReference; lastKnownFileType = sourcecode.swift; path = SaveViewModel.swift; sourceTree = "<group>"; };
		4ED9C5322C42B1E80090320E /* Colors.swift */ = {isa = PBXFileReference; lastKnownFileType = sourcecode.swift; path = Colors.swift; sourceTree = "<group>"; };
		4ED9C5352C42B67D0090320E /* MovieCollectionViewCell.swift */ = {isa = PBXFileReference; lastKnownFileType = sourcecode.swift; path = MovieCollectionViewCell.swift; sourceTree = "<group>"; };
		4ED9C5382C438B650090320E /* StretchPro.otf */ = {isa = PBXFileReference; lastKnownFileType = file; path = StretchPro.otf; sourceTree = "<group>"; };
		4ED9C53A2C4397360090320E /* BlackHanSans.ttf */ = {isa = PBXFileReference; lastKnownFileType = file; path = BlackHanSans.ttf; sourceTree = "<group>"; };
		4ED9C53D2C439BD10090320E /* MovieInfoView.swift */ = {isa = PBXFileReference; lastKnownFileType = sourcecode.swift; path = MovieInfoView.swift; sourceTree = "<group>"; };
		4ED9C53F2C439BDD0090320E /* MovieInfoViewController.swift */ = {isa = PBXFileReference; lastKnownFileType = sourcecode.swift; path = MovieInfoViewController.swift; sourceTree = "<group>"; };
		4ED9C5412C439BE50090320E /* MovieInfoViewModel.swift */ = {isa = PBXFileReference; lastKnownFileType = sourcecode.swift; path = MovieInfoViewModel.swift; sourceTree = "<group>"; };
		4ED9C5432C439ECC0090320E /* Names.swift */ = {isa = PBXFileReference; lastKnownFileType = sourcecode.swift; path = Names.swift; sourceTree = "<group>"; };
		4ED9C5452C43A9990090320E /* UIViewController + Extension.swift */ = {isa = PBXFileReference; lastKnownFileType = sourcecode.swift; path = "UIViewController + Extension.swift"; sourceTree = "<group>"; };
		4ED9C5472C43B1310090320E /* UINavigationController + Extension.swift */ = {isa = PBXFileReference; lastKnownFileType = sourcecode.swift; path = "UINavigationController + Extension.swift"; sourceTree = "<group>"; };
		4ED9C54A2C43E5660090320E /* UILabel + Extension.swift */ = {isa = PBXFileReference; lastKnownFileType = sourcecode.swift; path = "UILabel + Extension.swift"; sourceTree = "<group>"; };
		4ED9C5502C43FA7E0090320E /* NetworkManager.swift */ = {isa = PBXFileReference; lastKnownFileType = sourcecode.swift; path = NetworkManager.swift; sourceTree = "<group>"; };
		4ED9C5552C4431570090320E /* CustomObservable.swift */ = {isa = PBXFileReference; lastKnownFileType = sourcecode.swift; path = CustomObservable.swift; sourceTree = "<group>"; };
		4ED9C5582C44B21D0090320E /* MoviePreviewView.swift */ = {isa = PBXFileReference; lastKnownFileType = sourcecode.swift; path = MoviePreviewView.swift; sourceTree = "<group>"; };
		4ED9C55A2C44B22C0090320E /* MoviePreviewViewController.swift */ = {isa = PBXFileReference; lastKnownFileType = sourcecode.swift; path = MoviePreviewViewController.swift; sourceTree = "<group>"; };
		4ED9C55C2C44B2370090320E /* MoviePreviewViewModel.swift */ = {isa = PBXFileReference; lastKnownFileType = sourcecode.swift; path = MoviePreviewViewModel.swift; sourceTree = "<group>"; };
		4ED9C55E2C44B8EC0090320E /* FullScreenImageCollectionViewCell.swift */ = {isa = PBXFileReference; lastKnownFileType = sourcecode.swift; path = FullScreenImageCollectionViewCell.swift; sourceTree = "<group>"; };
		4ED9C5632C4556CC0090320E /* Poster.swift */ = {isa = PBXFileReference; lastKnownFileType = sourcecode.swift; path = Poster.swift; sourceTree = "<group>"; };
		4ED9C5652C4557210090320E /* Video.swift */ = {isa = PBXFileReference; lastKnownFileType = sourcecode.swift; path = Video.swift; sourceTree = "<group>"; };
		4ED9C5672C45575B0090320E /* Credits.swift */ = {isa = PBXFileReference; lastKnownFileType = sourcecode.swift; path = Credits.swift; sourceTree = "<group>"; };
/* End PBXFileReference section */

/* Begin PBXFrameworksBuildPhase section */
		4E8657712C0F1F4400FF4D6D /* Frameworks */ = {
			isa = PBXFrameworksBuildPhase;
			buildActionMask = 2147483647;
			files = (
				4E019E322C65D3410082B732 /* RxCocoa in Frameworks */,
				4ED9C5202C4270F90090320E /* Toast in Frameworks */,
				4E019E342C65D3410082B732 /* RxSwift in Frameworks */,
				4ED9C5232C4271220090320E /* YoutubePlayer-in-WKWebView in Frameworks */,
				4E019E512C675C6C0082B732 /* VisualEffectView in Frameworks */,
				4ED9C5172C4270180090320E /* Alamofire in Frameworks */,
				4ED9C51A2C4270250090320E /* SnapKit in Frameworks */,
				4E019E0B2C5E11F00082B732 /* SkeletonView in Frameworks */,
				4ED9C5142C4270080090320E /* RealmSwift in Frameworks */,
				4ED9C5112C426FD90090320E /* Then in Frameworks */,
				4ED9C51D2C4270CF0090320E /* Kingfisher in Frameworks */,
				4EAE78202C690F3B005DB65C /* ScrollingPageControl in Frameworks */,
			);
			runOnlyForDeploymentPostprocessing = 0;
		};
/* End PBXFrameworksBuildPhase section */

/* Begin PBXGroup section */
		4E019E0D2C5EF9840082B732 /* Cell */ = {
			isa = PBXGroup;
			children = (
				4E019E372C65DE440082B732 /* WordCollectionViewCell.swift */,
				4E9330542C1837BC00D1E91C /* SearchCollectionViewCell.swift */,
			);
			path = Cell;
			sourceTree = "<group>";
		};
		4E019E402C6654260082B732 /* UserDefaults */ = {
			isa = PBXGroup;
			children = (
				4E019E412C6654430082B732 /* UserDefaultsManager.swift */,
			);
			path = UserDefaults;
			sourceTree = "<group>";
		};
		4E019E432C6728420082B732 /* Upcoming */ = {
			isa = PBXGroup;
			children = (
				4E019E442C672F680082B732 /* UpcomingView.swift */,
				4E019E462C672F710082B732 /* UpcomingViewController.swift */,
				4E019E482C672F780082B732 /* UpcomingViewModel.swift */,
				4E019E4A2C6730A60082B732 /* Cell */,
			);
			path = Upcoming;
			sourceTree = "<group>";
		};
		4E019E4A2C6730A60082B732 /* Cell */ = {
			isa = PBXGroup;
			children = (
				4E019E4D2C673F560082B732 /* GenreCollectionViewCell.swift */,
				4E019E4B2C673B370082B732 /* UpcomingCollectionViewCell.swift */,
			);
			path = Cell;
			sourceTree = "<group>";
		};
		4E7D09E72C296EEA000A9FF2 /* Resources */ = {
			isa = PBXGroup;
			children = (
				4ED9C54D2C43F7CD0090320E /* Font */,
				4ED9C5312C42B1DF0090320E /* NameSpace */,
				4E8657DD2C11C62700FF4D6D /* Extension */,
				4ED9C54C2C43F7980090320E /* Network */,
				4E019E402C6654260082B732 /* UserDefaults */,
				4ED9C5542C4431360090320E /* Observable */,
				4E8657802C0F1F4600FF4D6D /* Assets.xcassets */,
				4E8657852C0F1F4600FF4D6D /* Info.plist */,
			);
			path = Resources;
			sourceTree = "<group>";
		};
		4E7D09E82C296F18000A9FF2 /* Presentation */ = {
			isa = PBXGroup;
			children = (
				4E8657D22C10767D00FF4D6D /* Model */,
				4E7D09EA2C296F53000A9FF2 /* Base */,
				4ED9C5042C426D4B0090320E /* Interface */,
				4E8657C72C10670600FF4D6D /* 삭제예정 Controller */,
			);
			name = Presentation;
			path = "뭔데이게";
			sourceTree = "<group>";
		};
		4E7D09EA2C296F53000A9FF2 /* Base */ = {
			isa = PBXGroup;
			children = (
				4E7D09EB2C296FE9000A9FF2 /* BaseView.swift */,
				4E7D09EF2C2972C0000A9FF2 /* BaseViewController.swift */,
				4E7D0A1A2C315678000A9FF2 /* BaseTableViewCell.swift */,
				4ED9C5242C42752A0090320E /* BaseCollectionViewCell.swift */,
				4ED9C5282C42ACFC0090320E /* BaseViewModel.swift */,
				4EAE78212C69148F005DB65C /* Protocol */,
			);
			path = Base;
			sourceTree = "<group>";
		};
		4E7D0A372C32E37C000A9FF2 /* Search */ = {
			isa = PBXGroup;
			children = (
				4E7D09ED2C29712E000A9FF2 /* SearchView.swift */,
				4E9330562C1837C700D1E91C /* SearchViewController.swift */,
				4E019E392C65E8920082B732 /* SearchViewModel.swift */,
				4E019E0D2C5EF9840082B732 /* Cell */,
			);
			path = Search;
			sourceTree = "<group>";
		};
		4E86576B2C0F1F4400FF4D6D = {
			isa = PBXGroup;
			children = (
				4E8657D02C10763900FF4D6D /* .gitignore */,
				4E8657762C0F1F4400FF4D6D /* MoviePack */,
				4E8657752C0F1F4400FF4D6D /* Products */,
			);
			sourceTree = "<group>";
		};
		4E8657752C0F1F4400FF4D6D /* Products */ = {
			isa = PBXGroup;
			children = (
				4E8657742C0F1F4400FF4D6D /* MoviePack.app */,
			);
			name = Products;
			sourceTree = "<group>";
		};
		4E8657762C0F1F4400FF4D6D /* MoviePack */ = {
			isa = PBXGroup;
			children = (
				4ED9C50E2C426E870090320E /* StoryBoard */,
				4ED9C50D2C426E740090320E /* Application */,
				4E7D09E72C296EEA000A9FF2 /* Resources */,
				4E7D09E82C296F18000A9FF2 /* Presentation */,
			);
			path = MoviePack;
			sourceTree = "<group>";
		};
		4E8657C72C10670600FF4D6D /* 삭제예정 Controller */ = {
			isa = PBXGroup;
			children = (
				4E86577B2C0F1F4400FF4D6D /* SignUpViewController.swift */,
				4E86578E2C0F250600FF4D6D /* TrashViewController.swift */,
				4E8657D72C11BEF200FF4D6D /* MovieRankViewController.swift */,
				4E8657D92C11C4A200FF4D6D /* MovieRankTableViewCell.swift */,
				4E8658252C16DA2200FF4D6D /* Trend */,
				4E9330532C1837AB00D1E91C /* Search */,
			);
			name = "삭제예정 Controller";
			path = "삭제예정 Controller";
			sourceTree = "<group>";
		};
		4E8657D22C10767D00FF4D6D /* Model */ = {
			isa = PBXGroup;
			children = (
				4E8657E02C12B89D00FF4D6D /* Kobis.swift */,
				4E9330602C184F2800D1E91C /* Search.swift */,
				4E86582A2C16F4B400FF4D6D /* Trend.swift */,
				4ED9C5672C45575B0090320E /* Credits.swift */,
				4ED9C5632C4556CC0090320E /* Poster.swift */,
				4ED9C5652C4557210090320E /* Video.swift */,
				4ECA9E652C46CE2D00B3C6EC /* Base */,
			);
			path = Model;
			sourceTree = "<group>";
		};
		4E8657DD2C11C62700FF4D6D /* Extension */ = {
			isa = PBXGroup;
			children = (
				4E8657DE2C11C63900FF4D6D /* UITableViewCell + Extension.swift */,
				4E93305E2C1848FA00D1E91C /* UITextField + Extension.swift */,
				4ED9C50B2C426E3E0090320E /* NSObjectProtocol + Extenstion.swift */,
				4ED9C5452C43A9990090320E /* UIViewController + Extension.swift */,
				4ED9C5472C43B1310090320E /* UINavigationController + Extension.swift */,
				4ED9C54A2C43E5660090320E /* UILabel + Extension.swift */,
				4E019E522C6798E90082B732 /* Optional + Extension.swift */,
			);
			path = Extension;
			sourceTree = "<group>";
		};
		4E8658252C16DA2200FF4D6D /* Trend */ = {
			isa = PBXGroup;
			children = (
				4E8658262C16DA4000FF4D6D /* TrendViewController.swift */,
				4E8658282C16DB4F00FF4D6D /* TrendTableViewCell.swift */,
				4E86582C2C16FAB900FF4D6D /* TrendDetailViewController.swift */,
				4E8658342C1710C600FF4D6D /* OverViewTableViewCell.swift */,
			);
			path = Trend;
			sourceTree = "<group>";
		};
		4E9330532C1837AB00D1E91C /* Search */ = {
			isa = PBXGroup;
			children = (
				4E7D09F32C299595000A9FF2 /* SearchDetailView.swift */,
				4E7D09F12C29917E000A9FF2 /* SearchDetailViewController.swift */,
				4E7D0A182C312A18000A9FF2 /* SearchDetailTableViewCell.swift */,
			);
			path = Search;
			sourceTree = "<group>";
		};
		4EAE781B2C68E6C2005DB65C /* Cell */ = {
			isa = PBXGroup;
			children = (
				4EAE781C2C68E6D3005DB65C /* PreviewCollectionViewCell.swift */,
				4EAE782A2C6AE672005DB65C /* PosterCollectionViewCell.swift */,
			);
			path = Cell;
			sourceTree = "<group>";
		};
		4EAE78212C69148F005DB65C /* Protocol */ = {
			isa = PBXGroup;
			children = (
				4EAE78222C69149E005DB65C /* ViewModelType.swift */,
			);
			path = Protocol;
			sourceTree = "<group>";
		};
		4ECA9E652C46CE2D00B3C6EC /* Base */ = {
			isa = PBXGroup;
			children = (
				4ECA9E6C2C46D0E500B3C6EC /* BaseType.swift */,
				4ECA9E682C46CE7600B3C6EC /* Movie.swift */,
				4ECA9E662C46CE4100B3C6EC /* Person.swift */,
				4ECA9E6A2C46CF3800B3C6EC /* TV.swift */,
			);
			path = Base;
			sourceTree = "<group>";
		};
		4ED9C5032C426D180090320E /* Home */ = {
			isa = PBXGroup;
			children = (
				4ED9C5052C426D800090320E /* HomeView.swift */,
				4ED9C5092C426D940090320E /* HomeViewController.swift */,
				4ED9C5072C426D880090320E /* HomeViewModel.swift */,
				4ED9C5342C42B63F0090320E /* Cell */,
			);
			path = Home;
			sourceTree = "<group>";
		};
		4ED9C5042C426D4B0090320E /* Interface */ = {
			isa = PBXGroup;
			children = (
				4ED9C4FC2C40FD8E0090320E /* CustomTabBarController.swift */,
				4ED9C5032C426D180090320E /* Home */,
				4ED9C53C2C439BAD0090320E /* MovieInfo */,
				4ED9C5572C44B1EA0090320E /* MoviePreview */,
				4E019E432C6728420082B732 /* Upcoming */,
				4E7D0A372C32E37C000A9FF2 /* Search */,
				4ED9C52A2C42AF8E0090320E /* Save */,
			);
			path = Interface;
			sourceTree = "<group>";
		};
		4ED9C50D2C426E740090320E /* Application */ = {
			isa = PBXGroup;
			children = (
				4E8657772C0F1F4400FF4D6D /* AppDelegate.swift */,
				4E8657792C0F1F4400FF4D6D /* SceneDelegate.swift */,
			);
			path = Application;
			sourceTree = "<group>";
		};
		4ED9C50E2C426E870090320E /* StoryBoard */ = {
			isa = PBXGroup;
			children = (
				4E8657822C0F1F4600FF4D6D /* LaunchScreen.storyboard */,
			);
			path = StoryBoard;
			sourceTree = "<group>";
		};
		4ED9C52A2C42AF8E0090320E /* Save */ = {
			isa = PBXGroup;
			children = (
				4ED9C52B2C42AFA10090320E /* SaveView.swift */,
				4ED9C52D2C42AFAE0090320E /* SaveViewController.swift */,
				4ED9C52F2C42AFB80090320E /* SaveViewModel.swift */,
			);
			path = Save;
			sourceTree = "<group>";
		};
		4ED9C5312C42B1DF0090320E /* NameSpace */ = {
			isa = PBXGroup;
			children = (
				4ED9C5322C42B1E80090320E /* Colors.swift */,
				4ED9C5432C439ECC0090320E /* Names.swift */,
				4E019E0E2C5EFC480082B732 /* Fonts.swift */,
				4E019E352C65D6E10082B732 /* Images.swift */,
			);
			path = NameSpace;
			sourceTree = "<group>";
		};
		4ED9C5342C42B63F0090320E /* Cell */ = {
			isa = PBXGroup;
			children = (
				4ED9C5262C42754C0090320E /* RankCollectionViewCell.swift */,
				4ED9C5352C42B67D0090320E /* MovieCollectionViewCell.swift */,
			);
			path = Cell;
			sourceTree = "<group>";
		};
		4ED9C53C2C439BAD0090320E /* MovieInfo */ = {
			isa = PBXGroup;
			children = (
				4ED9C53D2C439BD10090320E /* MovieInfoView.swift */,
				4ED9C53F2C439BDD0090320E /* MovieInfoViewController.swift */,
				4ED9C5412C439BE50090320E /* MovieInfoViewModel.swift */,
				4ED9C5492C43D35C0090320E /* Cell */,
			);
			path = MovieInfo;
			sourceTree = "<group>";
		};
		4ED9C5492C43D35C0090320E /* Cell */ = {
			isa = PBXGroup;
			children = (
				4ED9C55E2C44B8EC0090320E /* FullScreenImageCollectionViewCell.swift */,
				4E8658322C17004C00FF4D6D /* CastTableViewCell.swift */,
			);
			path = Cell;
			sourceTree = "<group>";
		};
		4ED9C54C2C43F7980090320E /* Network */ = {
			isa = PBXGroup;
			children = (
				4E8657D32C1076C900FF4D6D /* APIKey.swift */,
				4E7D0A352C32DDEB000A9FF2 /* NetworkRouter.swift */,
				4ED9C5502C43FA7E0090320E /* NetworkManager.swift */,
			);
			path = Network;
			sourceTree = "<group>";
		};
		4ED9C54D2C43F7CD0090320E /* Font */ = {
			isa = PBXGroup;
			children = (
				4ED9C53A2C4397360090320E /* BlackHanSans.ttf */,
				4ED9C5382C438B650090320E /* StretchPro.otf */,
			);
			path = Font;
			sourceTree = "<group>";
		};
		4ED9C5542C4431360090320E /* Observable */ = {
			isa = PBXGroup;
			children = (
				4ED9C5552C4431570090320E /* CustomObservable.swift */,
			);
			path = Observable;
			sourceTree = "<group>";
		};
		4ED9C5572C44B1EA0090320E /* MoviePreview */ = {
			isa = PBXGroup;
			children = (
				4ED9C5582C44B21D0090320E /* MoviePreviewView.swift */,
				4ED9C55A2C44B22C0090320E /* MoviePreviewViewController.swift */,
				4ED9C55C2C44B2370090320E /* MoviePreviewViewModel.swift */,
				4EAE781B2C68E6C2005DB65C /* Cell */,
			);
			path = MoviePreview;
			sourceTree = "<group>";
		};
/* End PBXGroup section */

/* Begin PBXNativeTarget section */
		4E8657732C0F1F4400FF4D6D /* MoviePack */ = {
			isa = PBXNativeTarget;
			buildConfigurationList = 4E8657882C0F1F4600FF4D6D /* Build configuration list for PBXNativeTarget "MoviePack" */;
			buildPhases = (
				4E8657702C0F1F4400FF4D6D /* Sources */,
				4E8657712C0F1F4400FF4D6D /* Frameworks */,
				4E8657722C0F1F4400FF4D6D /* Resources */,
				4ED9C56A2C4560800090320E /* Embed Frameworks */,
			);
			buildRules = (
			);
			dependencies = (
			);
			name = MoviePack;
			packageProductDependencies = (
				4ED9C5102C426FD90090320E /* Then */,
				4ED9C5132C4270080090320E /* RealmSwift */,
				4ED9C5162C4270180090320E /* Alamofire */,
				4ED9C5192C4270250090320E /* SnapKit */,
				4ED9C51C2C4270CF0090320E /* Kingfisher */,
				4ED9C51F2C4270F90090320E /* Toast */,
				4ED9C5222C4271220090320E /* YoutubePlayer-in-WKWebView */,
				4E019E0A2C5E11F00082B732 /* SkeletonView */,
				4E019E312C65D3410082B732 /* RxCocoa */,
				4E019E332C65D3410082B732 /* RxSwift */,
				4E019E502C675C6C0082B732 /* VisualEffectView */,
				4EAE781F2C690F3B005DB65C /* ScrollingPageControl */,
			);
			productName = MoviePack;
			productReference = 4E8657742C0F1F4400FF4D6D /* MoviePack.app */;
			productType = "com.apple.product-type.application";
		};
/* End PBXNativeTarget section */

/* Begin PBXProject section */
		4E86576C2C0F1F4400FF4D6D /* Project object */ = {
			isa = PBXProject;
			attributes = {
				BuildIndependentTargetsInParallel = 1;
				LastSwiftUpdateCheck = 1540;
				LastUpgradeCheck = 1540;
				TargetAttributes = {
					4E8657732C0F1F4400FF4D6D = {
						CreatedOnToolsVersion = 15.4;
					};
				};
			};
			buildConfigurationList = 4E86576F2C0F1F4400FF4D6D /* Build configuration list for PBXProject "MoviePack" */;
			compatibilityVersion = "Xcode 14.0";
			developmentRegion = en;
			hasScannedForEncodings = 0;
			knownRegions = (
				en,
				Base,
			);
			mainGroup = 4E86576B2C0F1F4400FF4D6D;
			packageReferences = (
				4ED9C50F2C426FD90090320E /* XCRemoteSwiftPackageReference "Then" */,
				4ED9C5122C4270080090320E /* XCRemoteSwiftPackageReference "realm-swift" */,
				4ED9C5152C4270180090320E /* XCRemoteSwiftPackageReference "Alamofire" */,
				4ED9C5182C4270250090320E /* XCRemoteSwiftPackageReference "SnapKit" */,
				4ED9C51B2C4270CF0090320E /* XCRemoteSwiftPackageReference "Kingfisher" */,
				4ED9C51E2C4270F90090320E /* XCRemoteSwiftPackageReference "Toast-Swift" */,
				4ED9C5212C4271220090320E /* XCRemoteSwiftPackageReference "YoutubePlayer-in-WKWebView" */,
				4E019E092C5E11F00082B732 /* XCRemoteSwiftPackageReference "SkeletonView" */,
				4E019E302C65D3410082B732 /* XCRemoteSwiftPackageReference "RxSwift" */,
				4E019E4F2C675C6C0082B732 /* XCRemoteSwiftPackageReference "VisualEffectView" */,
				4EAE781E2C690F3B005DB65C /* XCRemoteSwiftPackageReference "ScrollingPageControl" */,
			);
			productRefGroup = 4E8657752C0F1F4400FF4D6D /* Products */;
			projectDirPath = "";
			projectRoot = "";
			targets = (
				4E8657732C0F1F4400FF4D6D /* MoviePack */,
			);
		};
/* End PBXProject section */

/* Begin PBXResourcesBuildPhase section */
		4E8657722C0F1F4400FF4D6D /* Resources */ = {
			isa = PBXResourcesBuildPhase;
			buildActionMask = 2147483647;
			files = (
				4ED9C5392C438B650090320E /* StretchPro.otf in Resources */,
				4ED9C53B2C4397360090320E /* BlackHanSans.ttf in Resources */,
				4E8657812C0F1F4600FF4D6D /* Assets.xcassets in Resources */,
				4E8657D12C10763900FF4D6D /* .gitignore in Resources */,
			);
			runOnlyForDeploymentPostprocessing = 0;
		};
/* End PBXResourcesBuildPhase section */

/* Begin PBXSourcesBuildPhase section */
		4E8657702C0F1F4400FF4D6D /* Sources */ = {
			isa = PBXSourcesBuildPhase;
			buildActionMask = 2147483647;
			files = (
				4E7D0A362C32DDEB000A9FF2 /* NetworkRouter.swift in Sources */,
				4ECA9E692C46CE7600B3C6EC /* Movie.swift in Sources */,
				4E019E452C672F680082B732 /* UpcomingView.swift in Sources */,
				4EAE781D2C68E6D3005DB65C /* PreviewCollectionViewCell.swift in Sources */,
				4E93305F2C1848FA00D1E91C /* UITextField + Extension.swift in Sources */,
				4ED9C4FD2C40FD8E0090320E /* CustomTabBarController.swift in Sources */,
				4E86577C2C0F1F4400FF4D6D /* SignUpViewController.swift in Sources */,
				4E9330612C184F2800D1E91C /* Search.swift in Sources */,
				4ED9C5662C4557210090320E /* Video.swift in Sources */,
				4ED9C5422C439BE50090320E /* MovieInfoViewModel.swift in Sources */,
				4ED9C50A2C426D940090320E /* HomeViewController.swift in Sources */,
				4E8657782C0F1F4400FF4D6D /* AppDelegate.swift in Sources */,
				4E7D0A1B2C315678000A9FF2 /* BaseTableViewCell.swift in Sources */,
				4ED9C5362C42B67D0090320E /* MovieCollectionViewCell.swift in Sources */,
				4ED9C5642C4556CC0090320E /* Poster.swift in Sources */,
				4E7D09F02C2972C0000A9FF2 /* BaseViewController.swift in Sources */,
				4E019E472C672F710082B732 /* UpcomingViewController.swift in Sources */,
				4E86582B2C16F4B400FF4D6D /* Trend.swift in Sources */,
				4ED9C5592C44B21D0090320E /* MoviePreviewView.swift in Sources */,
				4E019E422C6654430082B732 /* UserDefaultsManager.swift in Sources */,
				4ED9C5402C439BDD0090320E /* MovieInfoViewController.swift in Sources */,
				4E7D09EC2C296FE9000A9FF2 /* BaseView.swift in Sources */,
				4E019E4C2C673B370082B732 /* UpcomingCollectionViewCell.swift in Sources */,
				4E019E3A2C65E8920082B732 /* SearchViewModel.swift in Sources */,
				4E9330572C1837C700D1E91C /* SearchViewController.swift in Sources */,
				4E8657E12C12B89D00FF4D6D /* Kobis.swift in Sources */,
				4E019E492C672F780082B732 /* UpcomingViewModel.swift in Sources */,
				4ED9C5682C45575B0090320E /* Credits.swift in Sources */,
				4E8658352C1710C600FF4D6D /* OverViewTableViewCell.swift in Sources */,
				4E7D0A192C312A18000A9FF2 /* SearchDetailTableViewCell.swift in Sources */,
				4ED9C5302C42AFB80090320E /* SaveViewModel.swift in Sources */,
				4E019E0F2C5EFC480082B732 /* Fonts.swift in Sources */,
				4E7D09F42C299595000A9FF2 /* SearchDetailView.swift in Sources */,
				4ED9C5482C43B1310090320E /* UINavigationController + Extension.swift in Sources */,
				4E86577A2C0F1F4400FF4D6D /* SceneDelegate.swift in Sources */,
				4EAE782B2C6AE672005DB65C /* PosterCollectionViewCell.swift in Sources */,
				4E8657DA2C11C4A200FF4D6D /* MovieRankTableViewCell.swift in Sources */,
				4ED9C5082C426D880090320E /* HomeViewModel.swift in Sources */,
				4E8657D82C11BEF200FF4D6D /* MovieRankViewController.swift in Sources */,
				4ED9C50C2C426E3E0090320E /* NSObjectProtocol + Extenstion.swift in Sources */,
				4ED9C54B2C43E5660090320E /* UILabel + Extension.swift in Sources */,
				4ED9C5512C43FA7E0090320E /* NetworkManager.swift in Sources */,
				4ED9C52C2C42AFA10090320E /* SaveView.swift in Sources */,
				4E8658332C17004C00FF4D6D /* CastTableViewCell.swift in Sources */,
				4E019E4E2C673F560082B732 /* GenreCollectionViewCell.swift in Sources */,
				4E7D09F22C29917E000A9FF2 /* SearchDetailViewController.swift in Sources */,
				4E86578F2C0F250600FF4D6D /* TrashViewController.swift in Sources */,
				4E019E532C6798E90082B732 /* Optional + Extension.swift in Sources */,
				4ED9C5272C42754C0090320E /* RankCollectionViewCell.swift in Sources */,
				4E8657DF2C11C63900FF4D6D /* UITableViewCell + Extension.swift in Sources */,
				4ECA9E672C46CE4100B3C6EC /* Person.swift in Sources */,
				4E86582D2C16FAB900FF4D6D /* TrendDetailViewController.swift in Sources */,
				4ED9C55B2C44B22C0090320E /* MoviePreviewViewController.swift in Sources */,
				4E7D09EE2C29712E000A9FF2 /* SearchView.swift in Sources */,
				4ED9C5562C4431570090320E /* CustomObservable.swift in Sources */,
				4ECA9E6D2C46D0E500B3C6EC /* BaseType.swift in Sources */,
				4E8658292C16DB4F00FF4D6D /* TrendTableViewCell.swift in Sources */,
				4ED9C5332C42B1E80090320E /* Colors.swift in Sources */,
				4ED9C53E2C439BD10090320E /* MovieInfoView.swift in Sources */,
				4E019E362C65D6E10082B732 /* Images.swift in Sources */,
				4E9330552C1837BC00D1E91C /* SearchCollectionViewCell.swift in Sources */,
				4ED9C5252C42752A0090320E /* BaseCollectionViewCell.swift in Sources */,
				4ED9C55D2C44B2370090320E /* MoviePreviewViewModel.swift in Sources */,
				4ED9C55F2C44B8EC0090320E /* FullScreenImageCollectionViewCell.swift in Sources */,
				4ED9C5442C439ECC0090320E /* Names.swift in Sources */,
				4ED9C5062C426D800090320E /* HomeView.swift in Sources */,
				4ECA9E6B2C46CF3800B3C6EC /* TV.swift in Sources */,
				4E019E382C65DE440082B732 /* WordCollectionViewCell.swift in Sources */,
				4ED9C5292C42ACFC0090320E /* BaseViewModel.swift in Sources */,
				4ED9C52E2C42AFAE0090320E /* SaveViewController.swift in Sources */,
				4E8657D42C1076C900FF4D6D /* APIKey.swift in Sources */,
				4ED9C5462C43A9990090320E /* UIViewController + Extension.swift in Sources */,
				4EAE78232C69149E005DB65C /* ViewModelType.swift in Sources */,
				4E8658272C16DA4000FF4D6D /* TrendViewController.swift in Sources */,
			);
			runOnlyForDeploymentPostprocessing = 0;
		};
/* End PBXSourcesBuildPhase section */

/* Begin PBXVariantGroup section */
		4E8657822C0F1F4600FF4D6D /* LaunchScreen.storyboard */ = {
			isa = PBXVariantGroup;
			children = (
				4E8657832C0F1F4600FF4D6D /* Base */,
			);
			name = LaunchScreen.storyboard;
			sourceTree = "<group>";
		};
/* End PBXVariantGroup section */

/* Begin XCBuildConfiguration section */
		4E8657862C0F1F4600FF4D6D /* Debug */ = {
			isa = XCBuildConfiguration;
			buildSettings = {
				ALWAYS_SEARCH_USER_PATHS = NO;
				ASSETCATALOG_COMPILER_GENERATE_SWIFT_ASSET_SYMBOL_EXTENSIONS = YES;
				CLANG_ANALYZER_NONNULL = YES;
				CLANG_ANALYZER_NUMBER_OBJECT_CONVERSION = YES_AGGRESSIVE;
				CLANG_CXX_LANGUAGE_STANDARD = "gnu++20";
				CLANG_ENABLE_MODULES = YES;
				CLANG_ENABLE_OBJC_ARC = YES;
				CLANG_ENABLE_OBJC_WEAK = YES;
				CLANG_WARN_BLOCK_CAPTURE_AUTORELEASING = YES;
				CLANG_WARN_BOOL_CONVERSION = YES;
				CLANG_WARN_COMMA = YES;
				CLANG_WARN_CONSTANT_CONVERSION = YES;
				CLANG_WARN_DEPRECATED_OBJC_IMPLEMENTATIONS = YES;
				CLANG_WARN_DIRECT_OBJC_ISA_USAGE = YES_ERROR;
				CLANG_WARN_DOCUMENTATION_COMMENTS = YES;
				CLANG_WARN_EMPTY_BODY = YES;
				CLANG_WARN_ENUM_CONVERSION = YES;
				CLANG_WARN_INFINITE_RECURSION = YES;
				CLANG_WARN_INT_CONVERSION = YES;
				CLANG_WARN_NON_LITERAL_NULL_CONVERSION = YES;
				CLANG_WARN_OBJC_IMPLICIT_RETAIN_SELF = YES;
				CLANG_WARN_OBJC_LITERAL_CONVERSION = YES;
				CLANG_WARN_OBJC_ROOT_CLASS = YES_ERROR;
				CLANG_WARN_QUOTED_INCLUDE_IN_FRAMEWORK_HEADER = YES;
				CLANG_WARN_RANGE_LOOP_ANALYSIS = YES;
				CLANG_WARN_STRICT_PROTOTYPES = YES;
				CLANG_WARN_SUSPICIOUS_MOVE = YES;
				CLANG_WARN_UNGUARDED_AVAILABILITY = YES_AGGRESSIVE;
				CLANG_WARN_UNREACHABLE_CODE = YES;
				CLANG_WARN__DUPLICATE_METHOD_MATCH = YES;
				COPY_PHASE_STRIP = NO;
				DEBUG_INFORMATION_FORMAT = dwarf;
				ENABLE_STRICT_OBJC_MSGSEND = YES;
				ENABLE_TESTABILITY = YES;
				ENABLE_USER_SCRIPT_SANDBOXING = YES;
				GCC_C_LANGUAGE_STANDARD = gnu17;
				GCC_DYNAMIC_NO_PIC = NO;
				GCC_NO_COMMON_BLOCKS = YES;
				GCC_OPTIMIZATION_LEVEL = 0;
				GCC_PREPROCESSOR_DEFINITIONS = (
					"DEBUG=1",
					"$(inherited)",
				);
				GCC_WARN_64_TO_32_BIT_CONVERSION = YES;
				GCC_WARN_ABOUT_RETURN_TYPE = YES_ERROR;
				GCC_WARN_UNDECLARED_SELECTOR = YES;
				GCC_WARN_UNINITIALIZED_AUTOS = YES_AGGRESSIVE;
				GCC_WARN_UNUSED_FUNCTION = YES;
				GCC_WARN_UNUSED_VARIABLE = YES;
				IPHONEOS_DEPLOYMENT_TARGET = 17.5;
				LOCALIZATION_PREFERS_STRING_CATALOGS = YES;
				MTL_ENABLE_DEBUG_INFO = INCLUDE_SOURCE;
				MTL_FAST_MATH = YES;
				ONLY_ACTIVE_ARCH = YES;
				SDKROOT = iphoneos;
				SWIFT_ACTIVE_COMPILATION_CONDITIONS = "DEBUG $(inherited)";
				SWIFT_OPTIMIZATION_LEVEL = "-Onone";
			};
			name = Debug;
		};
		4E8657872C0F1F4600FF4D6D /* Release */ = {
			isa = XCBuildConfiguration;
			buildSettings = {
				ALWAYS_SEARCH_USER_PATHS = NO;
				ASSETCATALOG_COMPILER_GENERATE_SWIFT_ASSET_SYMBOL_EXTENSIONS = YES;
				CLANG_ANALYZER_NONNULL = YES;
				CLANG_ANALYZER_NUMBER_OBJECT_CONVERSION = YES_AGGRESSIVE;
				CLANG_CXX_LANGUAGE_STANDARD = "gnu++20";
				CLANG_ENABLE_MODULES = YES;
				CLANG_ENABLE_OBJC_ARC = YES;
				CLANG_ENABLE_OBJC_WEAK = YES;
				CLANG_WARN_BLOCK_CAPTURE_AUTORELEASING = YES;
				CLANG_WARN_BOOL_CONVERSION = YES;
				CLANG_WARN_COMMA = YES;
				CLANG_WARN_CONSTANT_CONVERSION = YES;
				CLANG_WARN_DEPRECATED_OBJC_IMPLEMENTATIONS = YES;
				CLANG_WARN_DIRECT_OBJC_ISA_USAGE = YES_ERROR;
				CLANG_WARN_DOCUMENTATION_COMMENTS = YES;
				CLANG_WARN_EMPTY_BODY = YES;
				CLANG_WARN_ENUM_CONVERSION = YES;
				CLANG_WARN_INFINITE_RECURSION = YES;
				CLANG_WARN_INT_CONVERSION = YES;
				CLANG_WARN_NON_LITERAL_NULL_CONVERSION = YES;
				CLANG_WARN_OBJC_IMPLICIT_RETAIN_SELF = YES;
				CLANG_WARN_OBJC_LITERAL_CONVERSION = YES;
				CLANG_WARN_OBJC_ROOT_CLASS = YES_ERROR;
				CLANG_WARN_QUOTED_INCLUDE_IN_FRAMEWORK_HEADER = YES;
				CLANG_WARN_RANGE_LOOP_ANALYSIS = YES;
				CLANG_WARN_STRICT_PROTOTYPES = YES;
				CLANG_WARN_SUSPICIOUS_MOVE = YES;
				CLANG_WARN_UNGUARDED_AVAILABILITY = YES_AGGRESSIVE;
				CLANG_WARN_UNREACHABLE_CODE = YES;
				CLANG_WARN__DUPLICATE_METHOD_MATCH = YES;
				COPY_PHASE_STRIP = NO;
				DEBUG_INFORMATION_FORMAT = "dwarf-with-dsym";
				ENABLE_NS_ASSERTIONS = NO;
				ENABLE_STRICT_OBJC_MSGSEND = YES;
				ENABLE_USER_SCRIPT_SANDBOXING = YES;
				GCC_C_LANGUAGE_STANDARD = gnu17;
				GCC_NO_COMMON_BLOCKS = YES;
				GCC_WARN_64_TO_32_BIT_CONVERSION = YES;
				GCC_WARN_ABOUT_RETURN_TYPE = YES_ERROR;
				GCC_WARN_UNDECLARED_SELECTOR = YES;
				GCC_WARN_UNINITIALIZED_AUTOS = YES_AGGRESSIVE;
				GCC_WARN_UNUSED_FUNCTION = YES;
				GCC_WARN_UNUSED_VARIABLE = YES;
				IPHONEOS_DEPLOYMENT_TARGET = 17.5;
				LOCALIZATION_PREFERS_STRING_CATALOGS = YES;
				MTL_ENABLE_DEBUG_INFO = NO;
				MTL_FAST_MATH = YES;
				SDKROOT = iphoneos;
				SWIFT_COMPILATION_MODE = wholemodule;
				VALIDATE_PRODUCT = YES;
			};
			name = Release;
		};
		4E8657892C0F1F4600FF4D6D /* Debug */ = {
			isa = XCBuildConfiguration;
			buildSettings = {
				ASSETCATALOG_COMPILER_APPICON_NAME = AppIcon;
				ASSETCATALOG_COMPILER_GLOBAL_ACCENT_COLOR_NAME = AccentColor;
				CODE_SIGN_STYLE = Automatic;
				CURRENT_PROJECT_VERSION = 1;
				DEVELOPMENT_TEAM = B44YL23J9X;
				GENERATE_INFOPLIST_FILE = YES;
				INFOPLIST_FILE = MoviePack/Resources/Info.plist;
				INFOPLIST_KEY_CFBundleDisplayName = Moony;
				INFOPLIST_KEY_LSApplicationCategoryType = "public.app-category.video";
				INFOPLIST_KEY_UIApplicationSupportsIndirectInputEvents = YES;
				INFOPLIST_KEY_UILaunchStoryboardName = LaunchScreen;
				INFOPLIST_KEY_UISupportedInterfaceOrientations = UIInterfaceOrientationPortrait;
				INFOPLIST_KEY_UISupportedInterfaceOrientations_iPad = "UIInterfaceOrientationLandscapeLeft UIInterfaceOrientationLandscapeRight UIInterfaceOrientationPortrait UIInterfaceOrientationPortraitUpsideDown";
				IPHONEOS_DEPLOYMENT_TARGET = 16.0;
				LD_RUNPATH_SEARCH_PATHS = (
					"$(inherited)",
					"@executable_path/Frameworks",
				);
				MARKETING_VERSION = 1.0;
				PRODUCT_BUNDLE_IDENTIFIER = com.seosieve.MoviePack;
				PRODUCT_NAME = "$(TARGET_NAME)";
				SUPPORTED_PLATFORMS = "iphoneos iphonesimulator";
				SUPPORTS_MACCATALYST = NO;
				SUPPORTS_MAC_DESIGNED_FOR_IPHONE_IPAD = NO;
				SUPPORTS_XR_DESIGNED_FOR_IPHONE_IPAD = NO;
				SWIFT_EMIT_LOC_STRINGS = YES;
				SWIFT_VERSION = 5.0;
				TARGETED_DEVICE_FAMILY = 1;
			};
			name = Debug;
		};
		4E86578A2C0F1F4600FF4D6D /* Release */ = {
			isa = XCBuildConfiguration;
			buildSettings = {
				ASSETCATALOG_COMPILER_APPICON_NAME = AppIcon;
				ASSETCATALOG_COMPILER_GLOBAL_ACCENT_COLOR_NAME = AccentColor;
				CODE_SIGN_STYLE = Automatic;
				CURRENT_PROJECT_VERSION = 1;
				DEVELOPMENT_TEAM = B44YL23J9X;
				GENERATE_INFOPLIST_FILE = YES;
				INFOPLIST_FILE = MoviePack/Resources/Info.plist;
				INFOPLIST_KEY_CFBundleDisplayName = Moony;
				INFOPLIST_KEY_LSApplicationCategoryType = "public.app-category.video";
				INFOPLIST_KEY_UIApplicationSupportsIndirectInputEvents = YES;
				INFOPLIST_KEY_UILaunchStoryboardName = LaunchScreen;
				INFOPLIST_KEY_UISupportedInterfaceOrientations = UIInterfaceOrientationPortrait;
				INFOPLIST_KEY_UISupportedInterfaceOrientations_iPad = "UIInterfaceOrientationLandscapeLeft UIInterfaceOrientationLandscapeRight UIInterfaceOrientationPortrait UIInterfaceOrientationPortraitUpsideDown";
				IPHONEOS_DEPLOYMENT_TARGET = 16.0;
				LD_RUNPATH_SEARCH_PATHS = (
					"$(inherited)",
					"@executable_path/Frameworks",
				);
				MARKETING_VERSION = 1.0;
				PRODUCT_BUNDLE_IDENTIFIER = com.seosieve.MoviePack;
				PRODUCT_NAME = "$(TARGET_NAME)";
				SUPPORTED_PLATFORMS = "iphoneos iphonesimulator";
				SUPPORTS_MACCATALYST = NO;
				SUPPORTS_MAC_DESIGNED_FOR_IPHONE_IPAD = NO;
				SUPPORTS_XR_DESIGNED_FOR_IPHONE_IPAD = NO;
				SWIFT_EMIT_LOC_STRINGS = YES;
				SWIFT_VERSION = 5.0;
				TARGETED_DEVICE_FAMILY = 1;
			};
			name = Release;
		};
/* End XCBuildConfiguration section */

/* Begin XCConfigurationList section */
		4E86576F2C0F1F4400FF4D6D /* Build configuration list for PBXProject "MoviePack" */ = {
			isa = XCConfigurationList;
			buildConfigurations = (
				4E8657862C0F1F4600FF4D6D /* Debug */,
				4E8657872C0F1F4600FF4D6D /* Release */,
			);
			defaultConfigurationIsVisible = 0;
			defaultConfigurationName = Release;
		};
		4E8657882C0F1F4600FF4D6D /* Build configuration list for PBXNativeTarget "MoviePack" */ = {
			isa = XCConfigurationList;
			buildConfigurations = (
				4E8657892C0F1F4600FF4D6D /* Debug */,
				4E86578A2C0F1F4600FF4D6D /* Release */,
			);
			defaultConfigurationIsVisible = 0;
			defaultConfigurationName = Release;
		};
/* End XCConfigurationList section */

/* Begin XCRemoteSwiftPackageReference section */
		4E019E092C5E11F00082B732 /* XCRemoteSwiftPackageReference "SkeletonView" */ = {
			isa = XCRemoteSwiftPackageReference;
			repositoryURL = "https://github.com/Juanpe/SkeletonView.git";
			requirement = {
				kind = upToNextMajorVersion;
				minimumVersion = 1.31.0;
			};
		};
		4E019E302C65D3410082B732 /* XCRemoteSwiftPackageReference "RxSwift" */ = {
			isa = XCRemoteSwiftPackageReference;
			repositoryURL = "https://github.com/ReactiveX/RxSwift.git";
			requirement = {
				kind = upToNextMajorVersion;
				minimumVersion = 6.7.1;
			};
		};
		4E019E4F2C675C6C0082B732 /* XCRemoteSwiftPackageReference "VisualEffectView" */ = {
			isa = XCRemoteSwiftPackageReference;
			repositoryURL = "https://github.com/efremidze/VisualEffectView.git";
			requirement = {
				kind = upToNextMajorVersion;
				minimumVersion = 4.1.5;
			};
		};
		4EAE781E2C690F3B005DB65C /* XCRemoteSwiftPackageReference "ScrollingPageControl" */ = {
			isa = XCRemoteSwiftPackageReference;
			repositoryURL = "https://github.com/EmilioPelaez/ScrollingPageControl.git";
			requirement = {
				kind = upToNextMajorVersion;
				minimumVersion = 1.0.0;
			};
		};
		4ED9C50F2C426FD90090320E /* XCRemoteSwiftPackageReference "Then" */ = {
			isa = XCRemoteSwiftPackageReference;
			repositoryURL = "https://github.com/devxoul/Then.git";
			requirement = {
				kind = upToNextMajorVersion;
				minimumVersion = 3.0.0;
			};
		};
		4ED9C5122C4270080090320E /* XCRemoteSwiftPackageReference "realm-swift" */ = {
			isa = XCRemoteSwiftPackageReference;
			repositoryURL = "https://github.com/realm/realm-swift.git";
			requirement = {
				kind = exactVersion;
				version = 10.52.1;
			};
		};
		4ED9C5152C4270180090320E /* XCRemoteSwiftPackageReference "Alamofire" */ = {
			isa = XCRemoteSwiftPackageReference;
			repositoryURL = "https://github.com/Alamofire/Alamofire.git";
			requirement = {
				kind = upToNextMajorVersion;
				minimumVersion = 5.9.1;
			};
		};
		4ED9C5182C4270250090320E /* XCRemoteSwiftPackageReference "SnapKit" */ = {
			isa = XCRemoteSwiftPackageReference;
			repositoryURL = "https://github.com/SnapKit/SnapKit.git";
			requirement = {
				kind = upToNextMajorVersion;
				minimumVersion = 5.7.1;
			};
		};
		4ED9C51B2C4270CF0090320E /* XCRemoteSwiftPackageReference "Kingfisher" */ = {
			isa = XCRemoteSwiftPackageReference;
			repositoryURL = "https://github.com/onevcat/Kingfisher.git";
			requirement = {
				kind = upToNextMajorVersion;
				minimumVersion = 7.12.0;
			};
		};
		4ED9C51E2C4270F90090320E /* XCRemoteSwiftPackageReference "Toast-Swift" */ = {
			isa = XCRemoteSwiftPackageReference;
			repositoryURL = "https://github.com/scalessec/Toast-Swift.git";
			requirement = {
				kind = upToNextMajorVersion;
				minimumVersion = 5.1.1;
			};
		};
		4ED9C5212C4271220090320E /* XCRemoteSwiftPackageReference "YoutubePlayer-in-WKWebView" */ = {
			isa = XCRemoteSwiftPackageReference;
			repositoryURL = "https://github.com/hmhv/YoutubePlayer-in-WKWebView.git";
			requirement = {
				kind = upToNextMajorVersion;
				minimumVersion = 0.3.11;
			};
		};
/* End XCRemoteSwiftPackageReference section */

/* Begin XCSwiftPackageProductDependency section */
		4E019E0A2C5E11F00082B732 /* SkeletonView */ = {
			isa = XCSwiftPackageProductDependency;
			package = 4E019E092C5E11F00082B732 /* XCRemoteSwiftPackageReference "SkeletonView" */;
			productName = SkeletonView;
		};
		4E019E312C65D3410082B732 /* RxCocoa */ = {
			isa = XCSwiftPackageProductDependency;
			package = 4E019E302C65D3410082B732 /* XCRemoteSwiftPackageReference "RxSwift" */;
			productName = RxCocoa;
		};
		4E019E332C65D3410082B732 /* RxSwift */ = {
			isa = XCSwiftPackageProductDependency;
			package = 4E019E302C65D3410082B732 /* XCRemoteSwiftPackageReference "RxSwift" */;
			productName = RxSwift;
		};
		4E019E502C675C6C0082B732 /* VisualEffectView */ = {
			isa = XCSwiftPackageProductDependency;
			package = 4E019E4F2C675C6C0082B732 /* XCRemoteSwiftPackageReference "VisualEffectView" */;
			productName = VisualEffectView;
		};
		4EAE781F2C690F3B005DB65C /* ScrollingPageControl */ = {
			isa = XCSwiftPackageProductDependency;
			package = 4EAE781E2C690F3B005DB65C /* XCRemoteSwiftPackageReference "ScrollingPageControl" */;
			productName = ScrollingPageControl;
		};
		4ED9C5102C426FD90090320E /* Then */ = {
			isa = XCSwiftPackageProductDependency;
			package = 4ED9C50F2C426FD90090320E /* XCRemoteSwiftPackageReference "Then" */;
			productName = Then;
		};
		4ED9C5132C4270080090320E /* RealmSwift */ = {
			isa = XCSwiftPackageProductDependency;
			package = 4ED9C5122C4270080090320E /* XCRemoteSwiftPackageReference "realm-swift" */;
			productName = RealmSwift;
		};
		4ED9C5162C4270180090320E /* Alamofire */ = {
			isa = XCSwiftPackageProductDependency;
			package = 4ED9C5152C4270180090320E /* XCRemoteSwiftPackageReference "Alamofire" */;
			productName = Alamofire;
		};
		4ED9C5192C4270250090320E /* SnapKit */ = {
			isa = XCSwiftPackageProductDependency;
			package = 4ED9C5182C4270250090320E /* XCRemoteSwiftPackageReference "SnapKit" */;
			productName = SnapKit;
		};
		4ED9C51C2C4270CF0090320E /* Kingfisher */ = {
			isa = XCSwiftPackageProductDependency;
			package = 4ED9C51B2C4270CF0090320E /* XCRemoteSwiftPackageReference "Kingfisher" */;
			productName = Kingfisher;
		};
		4ED9C51F2C4270F90090320E /* Toast */ = {
			isa = XCSwiftPackageProductDependency;
			package = 4ED9C51E2C4270F90090320E /* XCRemoteSwiftPackageReference "Toast-Swift" */;
			productName = Toast;
		};
		4ED9C5222C4271220090320E /* YoutubePlayer-in-WKWebView */ = {
			isa = XCSwiftPackageProductDependency;
			package = 4ED9C5212C4271220090320E /* XCRemoteSwiftPackageReference "YoutubePlayer-in-WKWebView" */;
			productName = "YoutubePlayer-in-WKWebView";
		};
/* End XCSwiftPackageProductDependency section */
	};
	rootObject = 4E86576C2C0F1F4400FF4D6D /* Project object */;
}
